
Microsoft Visual Studio Solution File, Format Version 12.00
# Visual Studio Version 17
VisualStudioVersion = 17.13.35825.156
MinimumVisualStudioVersion = 10.0.40219.1
Project("{2150E333-8FDC-42A3-9474-1A3956D46DE8}") = "Chapter01", "Chapter01", "{DDB4EF12-CC4E-5E88-E6FC-71A802F4DE97}"
EndProject
Project("{FAE04EC0-301F-11D3-BF4B-00C04F79EFBC}") = "ProductSample", "Chapter01\ProductSample\ProductSample.csproj", "{9E134593-C286-4933-818A-3064B058F606}"
EndProject
Project("{2150E333-8FDC-42A3-9474-1A3956D46DE8}") = "Chapter02", "Chapter02", "{2E10C538-1176-4D6A-9AE9-6DBA875C34BE}"
EndProject
Project("{FAE04EC0-301F-11D3-BF4B-00C04F79EFBC}") = "DistanceConverter", "Chapter02\DistanceConverter\DistanceConverter.csproj", "{9A701DC1-3439-4943-8F43-496715861001}"
EndProject
Project("{2150E333-8FDC-42A3-9474-1A3956D46DE8}") = "演習問題", "演習問題", "{B7C41301-7B82-4B14-8A65-D2C8DB4FDF25}"
EndProject
Project("{FAE04EC0-301F-11D3-BF4B-00C04F79EFBC}") = "Exercise02", "Chapter02\演習問題\Exercise02\Exercise02.csproj", "{8572613B-F7B1-4B3B-9DBC-CA6012274466}"
EndProject
Project("{2150E333-8FDC-42A3-9474-1A3956D46DE8}") = "距離換算プログラム", "距離換算プログラム", "{EF850CFB-A5B8-479A-AD6A-504A12A61BAE}"
EndProject
Project("{2150E333-8FDC-42A3-9474-1A3956D46DE8}") = "FormApps", "FormApps", "{1EE8AC48-CEC9-4538-BEDC-348A750AB7C3}"
EndProject
Project("{FAE04EC0-301F-11D3-BF4B-00C04F79EFBC}") = "UnitConverter", "FormApps\UnitConverter\UnitConverter.csproj", "{8773D2DB-6581-47A5-B3E1-ED149DFEB745}"
EndProject
Project("{FAE04EC0-301F-11D3-BF4B-00C04F79EFBC}") = "StopWatch", "FormApps\StopWatch\StopWatch.csproj", "{60468389-5C2E-4B7F-A69F-DAB7034FA8B1}"
EndProject
Project("{2150E333-8FDC-42A3-9474-1A3956D46DE8}") = "売上集計プログラム", "売上集計プログラム", "{CCEEE858-CE96-402A-8BEA-F5784B167AAC}"
EndProject
Project("{FAE04EC0-301F-11D3-BF4B-00C04F79EFBC}") = "SalesCalculator", "Chapter02\SalesCalculator\SalesCalculator.csproj", "{7EEC45D6-7125-4C5E-8620-6F5E150F70C2}"
EndProject
Project("{FAE04EC0-301F-11D3-BF4B-00C04F79EFBC}") = "Exercise01", "Chapter02\演習問題\Exercise01\Exercise01.csproj", "{089D6768-C85B-4159-AF25-6F9F42C77D13}"
EndProject
Project("{2150E333-8FDC-42A3-9474-1A3956D46DE8}") = "Chapter03", "Chapter03", "{B99ECE59-FEDC-4EFD-A4C4-5A76095E877C}"
EndProject
Project("{FAE04EC0-301F-11D3-BF4B-00C04F79EFBC}") = "Section01", "Chapter03\Section01\Section01.csproj", "{C15B573D-9F63-464E-B3A8-0222B4451189}"
EndProject
Project("{2150E333-8FDC-42A3-9474-1A3956D46DE8}") = "演習問題", "演習問題", "{1F2F456D-D052-47F4-88E8-F9BF7A1263F8}"
EndProject
Project("{FAE04EC0-301F-11D3-BF4B-00C04F79EFBC}") = "Exercise02", "Chapter03\演習問題\Exercise02\Exercise02.csproj", "{E53362DD-AE58-4021-BC07-99242A7828AA}"
EndProject
Project("{FAE04EC0-301F-11D3-BF4B-00C04F79EFBC}") = "Section04", "Chapter03\Section04\Section04.csproj", "{83163617-CDAE-4607-B947-CEDF6F49B4B6}"
EndProject
Project("{FAE04EC0-301F-11D3-BF4B-00C04F79EFBC}") = "Exercise01", "Chapter03\演習問題\Exercise01\Exercise01.csproj", "{6F6C3866-264D-463D-B251-2D2C50EA67B0}"
EndProject
Project("{2150E333-8FDC-42A3-9474-1A3956D46DE8}") = "Chapter04", "Chapter04", "{7766D598-2D7F-4CC3-ACEA-4D59323E3764}"
EndProject
Project("{FAE04EC0-301F-11D3-BF4B-00C04F79EFBC}") = "Section04", "Chapter04\Section04\Section04.csproj", "{7D96935A-F979-4A75-9A8A-0DA07937078B}"
EndProject
Project("{2150E333-8FDC-42A3-9474-1A3956D46DE8}") = "演習問題", "演習問題", "{22D15C96-93DF-4E6B-B619-A6B3C3DA1E35}"
EndProject
Project("{FAE04EC0-301F-11D3-BF4B-00C04F79EFBC}") = "Exercise01", "Chapter04\演習問題\Exercise01\Exercise01.csproj", "{35FB07CE-69A3-4EBD-B7F6-C58FCE99372D}"
EndProject
Project("{FAE04EC0-301F-11D3-BF4B-00C04F79EFBC}") = "Exercise02", "Chapter04\演習問題\Exercise02\Exercise02.csproj", "{C1D63E63-E64B-FCB7-4276-5EBCB0FEC291}"
EndProject
Project("{2150E333-8FDC-42A3-9474-1A3956D46DE8}") = "LINQ", "LINQ", "{E88BDE09-1250-4D8A-9A35-A92D74AA60B3}"
EndProject
Project("{FAE04EC0-301F-11D3-BF4B-00C04F79EFBC}") = "LinqSample", "LINQ\LinqSample\LinqSample.csproj", "{142920E1-B048-46DA-9310-CB0AAE20673D}"
EndProject
Project("{2150E333-8FDC-42A3-9474-1A3956D46DE8}") = "Chapter06", "Chapter06", "{4AC5D517-A2A9-47B2-881C-0544A1C5A4A1}"
EndProject
Project("{FAE04EC0-301F-11D3-BF4B-00C04F79EFBC}") = "Section01", "Chapter06\Section01\Section01.csproj", "{55028B42-736D-410F-A7DE-10A16CF32E1D}"
EndProject
Project("{2150E333-8FDC-42A3-9474-1A3956D46DE8}") = "演習問題", "演習問題", "{ED4D9729-6CEF-4050-9FAF-23FA24B42C77}"
EndProject
Project("{FAE04EC0-301F-11D3-BF4B-00C04F79EFBC}") = "Exercise01", "Chapter06\演習問題\Exercise01\Exercise01.csproj", "{24E33E96-6097-4811-8CFC-C7F278EFA8CB}"
EndProject
Project("{FAE04EC0-301F-11D3-BF4B-00C04F79EFBC}") = "Exercise03", "Chapter06\演習問題\Exercise03\Exercise03.csproj", "{48A67339-3AFB-4AF0-B5BF-F2CE28E3D46B}"
EndProject
Global
	GlobalSection(SolutionConfigurationPlatforms) = preSolution
		Debug|Any CPU = Debug|Any CPU
		Release|Any CPU = Release|Any CPU
	EndGlobalSection
	GlobalSection(ProjectConfigurationPlatforms) = postSolution
		{9E134593-C286-4933-818A-3064B058F606}.Debug|Any CPU.ActiveCfg = Debug|Any CPU
		{9E134593-C286-4933-818A-3064B058F606}.Debug|Any CPU.Build.0 = Debug|Any CPU
		{9E134593-C286-4933-818A-3064B058F606}.Release|Any CPU.ActiveCfg = Release|Any CPU
		{9E134593-C286-4933-818A-3064B058F606}.Release|Any CPU.Build.0 = Release|Any CPU
		{9A701DC1-3439-4943-8F43-496715861001}.Debug|Any CPU.ActiveCfg = Debug|Any CPU
		{9A701DC1-3439-4943-8F43-496715861001}.Debug|Any CPU.Build.0 = Debug|Any CPU
		{9A701DC1-3439-4943-8F43-496715861001}.Release|Any CPU.ActiveCfg = Release|Any CPU
		{9A701DC1-3439-4943-8F43-496715861001}.Release|Any CPU.Build.0 = Release|Any CPU
		{8572613B-F7B1-4B3B-9DBC-CA6012274466}.Debug|Any CPU.ActiveCfg = Debug|Any CPU
		{8572613B-F7B1-4B3B-9DBC-CA6012274466}.Debug|Any CPU.Build.0 = Debug|Any CPU
		{8572613B-F7B1-4B3B-9DBC-CA6012274466}.Release|Any CPU.ActiveCfg = Release|Any CPU
		{8572613B-F7B1-4B3B-9DBC-CA6012274466}.Release|Any CPU.Build.0 = Release|Any CPU
		{8773D2DB-6581-47A5-B3E1-ED149DFEB745}.Debug|Any CPU.ActiveCfg = Debug|Any CPU
		{8773D2DB-6581-47A5-B3E1-ED149DFEB745}.Debug|Any CPU.Build.0 = Debug|Any CPU
		{8773D2DB-6581-47A5-B3E1-ED149DFEB745}.Release|Any CPU.ActiveCfg = Release|Any CPU
		{8773D2DB-6581-47A5-B3E1-ED149DFEB745}.Release|Any CPU.Build.0 = Release|Any CPU
		{60468389-5C2E-4B7F-A69F-DAB7034FA8B1}.Debug|Any CPU.ActiveCfg = Debug|Any CPU
		{60468389-5C2E-4B7F-A69F-DAB7034FA8B1}.Debug|Any CPU.Build.0 = Debug|Any CPU
		{60468389-5C2E-4B7F-A69F-DAB7034FA8B1}.Release|Any CPU.ActiveCfg = Release|Any CPU
		{60468389-5C2E-4B7F-A69F-DAB7034FA8B1}.Release|Any CPU.Build.0 = Release|Any CPU
		{7EEC45D6-7125-4C5E-8620-6F5E150F70C2}.Debug|Any CPU.ActiveCfg = Debug|Any CPU
		{7EEC45D6-7125-4C5E-8620-6F5E150F70C2}.Debug|Any CPU.Build.0 = Debug|Any CPU
		{7EEC45D6-7125-4C5E-8620-6F5E150F70C2}.Release|Any CPU.ActiveCfg = Release|Any CPU
		{7EEC45D6-7125-4C5E-8620-6F5E150F70C2}.Release|Any CPU.Build.0 = Release|Any CPU
		{089D6768-C85B-4159-AF25-6F9F42C77D13}.Debug|Any CPU.ActiveCfg = Debug|Any CPU
		{089D6768-C85B-4159-AF25-6F9F42C77D13}.Debug|Any CPU.Build.0 = Debug|Any CPU
		{089D6768-C85B-4159-AF25-6F9F42C77D13}.Release|Any CPU.ActiveCfg = Release|Any CPU
		{089D6768-C85B-4159-AF25-6F9F42C77D13}.Release|Any CPU.Build.0 = Release|Any CPU
		{C15B573D-9F63-464E-B3A8-0222B4451189}.Debug|Any CPU.ActiveCfg = Debug|Any CPU
		{C15B573D-9F63-464E-B3A8-0222B4451189}.Debug|Any CPU.Build.0 = Debug|Any CPU
		{C15B573D-9F63-464E-B3A8-0222B4451189}.Release|Any CPU.ActiveCfg = Release|Any CPU
		{C15B573D-9F63-464E-B3A8-0222B4451189}.Release|Any CPU.Build.0 = Release|Any CPU
		{E53362DD-AE58-4021-BC07-99242A7828AA}.Debug|Any CPU.ActiveCfg = Debug|Any CPU
		{E53362DD-AE58-4021-BC07-99242A7828AA}.Debug|Any CPU.Build.0 = Debug|Any CPU
		{E53362DD-AE58-4021-BC07-99242A7828AA}.Release|Any CPU.ActiveCfg = Release|Any CPU
		{E53362DD-AE58-4021-BC07-99242A7828AA}.Release|Any CPU.Build.0 = Release|Any CPU
		{83163617-CDAE-4607-B947-CEDF6F49B4B6}.Debug|Any CPU.ActiveCfg = Debug|Any CPU
		{83163617-CDAE-4607-B947-CEDF6F49B4B6}.Debug|Any CPU.Build.0 = Debug|Any CPU
		{83163617-CDAE-4607-B947-CEDF6F49B4B6}.Release|Any CPU.ActiveCfg = Release|Any CPU
		{83163617-CDAE-4607-B947-CEDF6F49B4B6}.Release|Any CPU.Build.0 = Release|Any CPU
		{6F6C3866-264D-463D-B251-2D2C50EA67B0}.Debug|Any CPU.ActiveCfg = Debug|Any CPU
		{6F6C3866-264D-463D-B251-2D2C50EA67B0}.Debug|Any CPU.Build.0 = Debug|Any CPU
		{6F6C3866-264D-463D-B251-2D2C50EA67B0}.Release|Any CPU.ActiveCfg = Release|Any CPU
		{6F6C3866-264D-463D-B251-2D2C50EA67B0}.Release|Any CPU.Build.0 = Release|Any CPU
		{7D96935A-F979-4A75-9A8A-0DA07937078B}.Debug|Any CPU.ActiveCfg = Debug|Any CPU
		{7D96935A-F979-4A75-9A8A-0DA07937078B}.Debug|Any CPU.Build.0 = Debug|Any CPU
		{7D96935A-F979-4A75-9A8A-0DA07937078B}.Release|Any CPU.ActiveCfg = Release|Any CPU
		{7D96935A-F979-4A75-9A8A-0DA07937078B}.Release|Any CPU.Build.0 = Release|Any CPU
		{35FB07CE-69A3-4EBD-B7F6-C58FCE99372D}.Debug|Any CPU.ActiveCfg = Debug|Any CPU
		{35FB07CE-69A3-4EBD-B7F6-C58FCE99372D}.Debug|Any CPU.Build.0 = Debug|Any CPU
		{35FB07CE-69A3-4EBD-B7F6-C58FCE99372D}.Release|Any CPU.ActiveCfg = Release|Any CPU
		{35FB07CE-69A3-4EBD-B7F6-C58FCE99372D}.Release|Any CPU.Build.0 = Release|Any CPU
		{C1D63E63-E64B-FCB7-4276-5EBCB0FEC291}.Debug|Any CPU.ActiveCfg = Debug|Any CPU
		{C1D63E63-E64B-FCB7-4276-5EBCB0FEC291}.Debug|Any CPU.Build.0 = Debug|Any CPU
		{C1D63E63-E64B-FCB7-4276-5EBCB0FEC291}.Release|Any CPU.ActiveCfg = Release|Any CPU
		{C1D63E63-E64B-FCB7-4276-5EBCB0FEC291}.Release|Any CPU.Build.0 = Release|Any CPU
		{142920E1-B048-46DA-9310-CB0AAE20673D}.Debug|Any CPU.ActiveCfg = Debug|Any CPU
		{142920E1-B048-46DA-9310-CB0AAE20673D}.Debug|Any CPU.Build.0 = Debug|Any CPU
		{142920E1-B048-46DA-9310-CB0AAE20673D}.Release|Any CPU.ActiveCfg = Release|Any CPU
		{142920E1-B048-46DA-9310-CB0AAE20673D}.Release|Any CPU.Build.0 = Release|Any CPU
		{55028B42-736D-410F-A7DE-10A16CF32E1D}.Debug|Any CPU.ActiveCfg = Debug|Any CPU
		{55028B42-736D-410F-A7DE-10A16CF32E1D}.Debug|Any CPU.Build.0 = Debug|Any CPU
		{55028B42-736D-410F-A7DE-10A16CF32E1D}.Release|Any CPU.ActiveCfg = Release|Any CPU
		{55028B42-736D-410F-A7DE-10A16CF32E1D}.Release|Any CPU.Build.0 = Release|Any CPU
		{24E33E96-6097-4811-8CFC-C7F278EFA8CB}.Debug|Any CPU.ActiveCfg = Debug|Any CPU
		{24E33E96-6097-4811-8CFC-C7F278EFA8CB}.Debug|Any CPU.Build.0 = Debug|Any CPU
		{24E33E96-6097-4811-8CFC-C7F278EFA8CB}.Release|Any CPU.ActiveCfg = Release|Any CPU
		{24E33E96-6097-4811-8CFC-C7F278EFA8CB}.Release|Any CPU.Build.0 = Release|Any CPU
		{48A67339-3AFB-4AF0-B5BF-F2CE28E3D46B}.Debug|Any CPU.ActiveCfg = Debug|Any CPU
		{48A67339-3AFB-4AF0-B5BF-F2CE28E3D46B}.Debug|Any CPU.Build.0 = Debug|Any CPU
		{48A67339-3AFB-4AF0-B5BF-F2CE28E3D46B}.Release|Any CPU.ActiveCfg = Release|Any CPU
		{48A67339-3AFB-4AF0-B5BF-F2CE28E3D46B}.Release|Any CPU.Build.0 = Release|Any CPU
	EndGlobalSection
	GlobalSection(SolutionProperties) = preSolution
		HideSolutionNode = FALSE
	EndGlobalSection
	GlobalSection(NestedProjects) = preSolution
		{9E134593-C286-4933-818A-3064B058F606} = {DDB4EF12-CC4E-5E88-E6FC-71A802F4DE97}
		{9A701DC1-3439-4943-8F43-496715861001} = {EF850CFB-A5B8-479A-AD6A-504A12A61BAE}
		{B7C41301-7B82-4B14-8A65-D2C8DB4FDF25} = {2E10C538-1176-4D6A-9AE9-6DBA875C34BE}
		{8572613B-F7B1-4B3B-9DBC-CA6012274466} = {B7C41301-7B82-4B14-8A65-D2C8DB4FDF25}
		{EF850CFB-A5B8-479A-AD6A-504A12A61BAE} = {2E10C538-1176-4D6A-9AE9-6DBA875C34BE}
		{8773D2DB-6581-47A5-B3E1-ED149DFEB745} = {1EE8AC48-CEC9-4538-BEDC-348A750AB7C3}
		{60468389-5C2E-4B7F-A69F-DAB7034FA8B1} = {1EE8AC48-CEC9-4538-BEDC-348A750AB7C3}
		{CCEEE858-CE96-402A-8BEA-F5784B167AAC} = {2E10C538-1176-4D6A-9AE9-6DBA875C34BE}
		{7EEC45D6-7125-4C5E-8620-6F5E150F70C2} = {CCEEE858-CE96-402A-8BEA-F5784B167AAC}
		{089D6768-C85B-4159-AF25-6F9F42C77D13} = {B7C41301-7B82-4B14-8A65-D2C8DB4FDF25}
		{C15B573D-9F63-464E-B3A8-0222B4451189} = {B99ECE59-FEDC-4EFD-A4C4-5A76095E877C}
		{1F2F456D-D052-47F4-88E8-F9BF7A1263F8} = {B99ECE59-FEDC-4EFD-A4C4-5A76095E877C}
		{E53362DD-AE58-4021-BC07-99242A7828AA} = {1F2F456D-D052-47F4-88E8-F9BF7A1263F8}
		{83163617-CDAE-4607-B947-CEDF6F49B4B6} = {B99ECE59-FEDC-4EFD-A4C4-5A76095E877C}
		{6F6C3866-264D-463D-B251-2D2C50EA67B0} = {1F2F456D-D052-47F4-88E8-F9BF7A1263F8}
		{7D96935A-F979-4A75-9A8A-0DA07937078B} = {7766D598-2D7F-4CC3-ACEA-4D59323E3764}
		{22D15C96-93DF-4E6B-B619-A6B3C3DA1E35} = {7766D598-2D7F-4CC3-ACEA-4D59323E3764}
		{35FB07CE-69A3-4EBD-B7F6-C58FCE99372D} = {22D15C96-93DF-4E6B-B619-A6B3C3DA1E35}
		{C1D63E63-E64B-FCB7-4276-5EBCB0FEC291} = {22D15C96-93DF-4E6B-B619-A6B3C3DA1E35}
		{142920E1-B048-46DA-9310-CB0AAE20673D} = {E88BDE09-1250-4D8A-9A35-A92D74AA60B3}
		{55028B42-736D-410F-A7DE-10A16CF32E1D} = {4AC5D517-A2A9-47B2-881C-0544A1C5A4A1}
		{ED4D9729-6CEF-4050-9FAF-23FA24B42C77} = {4AC5D517-A2A9-47B2-881C-0544A1C5A4A1}
		{24E33E96-6097-4811-8CFC-C7F278EFA8CB} = {ED4D9729-6CEF-4050-9FAF-23FA24B42C77}
		{48A67339-3AFB-4AF0-B5BF-F2CE28E3D46B} = {ED4D9729-6CEF-4050-9FAF-23FA24B42C77}
	EndGlobalSection
	GlobalSection(ExtensibilityGlobals) = postSolution
		SolutionGuid = {093AF16C-C595-4BCB-868E-CBD463608BCF}
	EndGlobalSection
EndGlobal
