
Microsoft Visual Studio Solution File, Format Version 12.00
# Visual Studio Version 17
VisualStudioVersion = 17.13.35825.156 d17.13
MinimumVisualStudioVersion = 10.0.40219.1
Project("{FAE04EC0-301F-11D3-BF4B-00C04F79EFBC}") = "Exercise01_WinForm", "Exercise01_WinForm.csproj", "{0625C4B5-B832-D149-B967-55ED89633DC4}"
EndProject
Global
	GlobalSection(SolutionConfigurationPlatforms) = preSolution
		Debug|Any CPU = Debug|Any CPU
		Release|Any CPU = Release|Any CPU
	EndGlobalSection
	GlobalSection(ProjectConfigurationPlatforms) = postSolution
		{0625C4B5-B832-D149-B967-55ED89633DC4}.Debug|Any CPU.ActiveCfg = Debug|Any CPU
		{0625C4B5-B832-D149-B967-55ED89633DC4}.Debug|Any CPU.Build.0 = Debug|Any CPU
		{0625C4B5-B832-D149-B967-55ED89633DC4}.Release|Any CPU.ActiveCfg = Release|Any CPU
		{0625C4B5-B832-D149-B967-55ED89633DC4}.Release|Any CPU.Build.0 = Release|Any CPU
	EndGlobalSection
	GlobalSection(SolutionProperties) = preSolution
		HideSolutionNode = FALSE
	EndGlobalSection
	GlobalSection(ExtensibilityGlobals) = postSolution
		SolutionGuid = {D538A0C6-1AA5-42BB-83B1-3D49A7810E76}
	EndGlobalSection
EndGlobal
